
Microsoft Visual Studio Solution File, Format Version 12.00
# Visual Studio Version 16
VisualStudioVersion = 16.0.29905.134
MinimumVisualStudioVersion = 10.0.40219.1
Project("{FAE04EC0-301F-11D3-BF4B-00C04F79EFBC}") = "Homework7", "Homework7.csproj", "{550C9C3D-364C-48A1-A33F-B563D16DCA9C}"
EndProject
Global
	GlobalSection(SolutionConfigurationPlatforms) = preSolution
		Debug|Any CPU = Debug|Any CPU
		Release|Any CPU = Release|Any CPU
	EndGlobalSection
	GlobalSection(ProjectConfigurationPlatforms) = postSolution
		{550C9C3D-364C-48A1-A33F-B563D16DCA9C}.Debug|Any CPU.ActiveCfg = Debug|Any CPU
		{550C9C3D-364C-48A1-A33F-B563D16DCA9C}.Debug|Any CPU.Build.0 = Debug|Any CPU
		{550C9C3D-364C-48A1-A33F-B563D16DCA9C}.Release|Any CPU.ActiveCfg = Release|Any CPU
		{550C9C3D-364C-48A1-A33F-B563D16DCA9C}.Release|Any CPU.Build.0 = Release|Any CPU
	EndGlobalSection
	GlobalSection(SolutionProperties) = preSolution
		HideSolutionNode = FALSE
	EndGlobalSection
	GlobalSection(ExtensibilityGlobals) = postSolution
		SolutionGuid = {EFE80F6C-CE29-4426-89CF-6ED4F849BA33}
	EndGlobalSection
EndGlobal
