
Microsoft Visual Studio Solution File, Format Version 12.00
# Visual Studio Version 16
VisualStudioVersion = 16.0.29905.134
MinimumVisualStudioVersion = 10.0.40219.1
Project("{FAE04EC0-301F-11D3-BF4B-00C04F79EFBC}") = "HomeWork8", "HomeWork8.csproj", "{CA11D3B0-4358-4F8C-8380-21E57E882497}"
	ProjectSection(ProjectDependencies) = postProject
		{D492E7CE-C13B-4003-A0AA-2B64996E12E1} = {D492E7CE-C13B-4003-A0AA-2B64996E12E1}
	EndProjectSection
EndProject
Project("{FAE04EC0-301F-11D3-BF4B-00C04F79EFBC}") = "HomeWork5", "..\HomeWork5\HomeWork5.csproj", "{D492E7CE-C13B-4003-A0AA-2B64996E12E1}"
EndProject
Global
	GlobalSection(SolutionConfigurationPlatforms) = preSolution
		Debug|Any CPU = Debug|Any CPU
		Release|Any CPU = Release|Any CPU
	EndGlobalSection
	GlobalSection(ProjectConfigurationPlatforms) = postSolution
		{CA11D3B0-4358-4F8C-8380-21E57E882497}.Debug|Any CPU.ActiveCfg = Debug|Any CPU
		{CA11D3B0-4358-4F8C-8380-21E57E882497}.Debug|Any CPU.Build.0 = Debug|Any CPU
		{CA11D3B0-4358-4F8C-8380-21E57E882497}.Release|Any CPU.ActiveCfg = Release|Any CPU
		{CA11D3B0-4358-4F8C-8380-21E57E882497}.Release|Any CPU.Build.0 = Release|Any CPU
		{D492E7CE-C13B-4003-A0AA-2B64996E12E1}.Debug|Any CPU.ActiveCfg = Debug|Any CPU
		{D492E7CE-C13B-4003-A0AA-2B64996E12E1}.Debug|Any CPU.Build.0 = Debug|Any CPU
		{D492E7CE-C13B-4003-A0AA-2B64996E12E1}.Release|Any CPU.ActiveCfg = Release|Any CPU
		{D492E7CE-C13B-4003-A0AA-2B64996E12E1}.Release|Any CPU.Build.0 = Release|Any CPU
	EndGlobalSection
	GlobalSection(SolutionProperties) = preSolution
		HideSolutionNode = FALSE
	EndGlobalSection
	GlobalSection(ExtensibilityGlobals) = postSolution
		SolutionGuid = {EFC16529-46D6-48ED-AB54-B4AA2857C66B}
	EndGlobalSection
EndGlobal
